{
  "version": 4,
  "terraform_version": "1.10.0",
  "serial": 21,
  "lineage": "912138b4-91fb-3b64-f303-033a7b620cf0",
  "outputs": {},
  "resources": [
    {
      "mode": "managed",
      "type": "azurerm_linux_virtual_machine",
      "name": "terraform_vm",
      "provider": "provider[\"registry.terraform.io/hashicorp/azurerm\"]",
      "instances": [
        {
          "schema_version": 0,
          "attributes": {
            "additional_capabilities": [],
            "admin_password": null,
            "admin_ssh_key": [
              {
                "public_key": "ssh-rsa AAAAB3NzaC1yc2EAAAADAQABAAABgQC9XZ0405FSh2GB+2PuJs6xMdQKXvco/p0T9Q9qZZYFdNdDfvI1zGRCx//94Y3kV1fo2dbSVAavdkZSWhCRPyOgjBnakv3934Xy40F9ObiOUpc8DFnEPPYavmQnfAtoWgq2wAzbxWQQZzbH8MV9P4M7GFNyj8CYYNPS0HA50G/xRx9iycA8TDvXOLAjg6M3ff4sMk/slQruqiD3IF9X8th3+moNPYmaEodDLqHSa6A/kznhUX8/Mjiy1+Z6/YtMpTQ59qPaehs91dwUgmpVkxOe9PvCU4VPgB/Btub+72hTEVuRSXjx/LSVYcSgAMyxI8VQKasDj8HQcEFOxL/N1f8w24u+ga7Npq7JOeZwX1Atwft94jn7o31ooBmXJriXJLqZ3Bwc1O4sC2vOjcR9thyBr8OPcKTLx0Wz8X5ZasvVVPFwcjTVEySfHgkrINXA0dvL6l7tadxnrx23sF6gLgFPBe3i42UnoX3Hm5pfe4xfFOK8iYqVhU+bErLaTG47De8= tawfe@mohdtoufeeq\n",
                "username": "tawfeeq"
              }
            ],
            "admin_username": "tawfeeq",
            "allow_extension_operations": true,
            "availability_set_id": "",
            "boot_diagnostics": [],
            "computer_name": "terra-vm",
            "custom_data": null,
            "dedicated_host_group_id": "",
            "dedicated_host_id": "",
            "disable_password_authentication": true,
            "edge_zone": "",
            "encryption_at_host_enabled": false,
            "eviction_policy": "",
            "extensions_time_budget": "PT1H30M",
            "id": "/subscriptions/1a94ec80-d9c4-4975-b25c-bbe982638e25/resourceGroups/terraform/providers/Microsoft.Compute/virtualMachines/terra-vm",
            "identity": [],
            "license_type": "",
            "location": "eastus",
            "max_bid_price": -1,
            "name": "terra-vm",
            "network_interface_ids": [
              "/subscriptions/1a94ec80-d9c4-4975-b25c-bbe982638e25/resourceGroups/terraform/providers/Microsoft.Network/networkInterfaces/net-int"
            ],
            "os_disk": [
              {
                "caching": "ReadWrite",
                "diff_disk_settings": [],
                "disk_encryption_set_id": "",
                "disk_size_gb": 30,
                "name": "terra-vm_OsDisk_1_4319616b50374d108a747b7166af06f4",
                "storage_account_type": "Standard_LRS",
                "write_accelerator_enabled": false
              }
            ],
            "patch_mode": "ImageDefault",
            "plan": [],
            "platform_fault_domain": -1,
            "priority": "Regular",
            "private_ip_address": "10.0.2.4",
            "private_ip_addresses": [
              "10.0.2.4"
            ],
            "provision_vm_agent": true,
            "proximity_placement_group_id": "",
            "public_ip_address": "52.170.136.242",
            "public_ip_addresses": [
              "52.170.136.242"
            ],
            "resource_group_name": "terraform",
            "secret": [],
            "secure_boot_enabled": false,
            "size": "Standard_F2",
            "source_image_id": "",
            "source_image_reference": [
              {
                "offer": "0001-com-ubuntu-server-jammy",
                "publisher": "Canonical",
                "sku": "22_04-lts",
                "version": "latest"
              }
            ],
            "tags": null,
            "termination_notification": null,
            "timeouts": null,
            "user_data": "",
            "virtual_machine_id": "b5f817cf-722f-419e-9756-8f0023e8aa31",
            "virtual_machine_scale_set_id": "",
            "vtpm_enabled": false,
            "zone": ""
          },
          "sensitive_attributes": [
            [
              {
                "type": "get_attr",
                "value": "custom_data"
              }
            ],
            [
              {
                "type": "get_attr",
                "value": "admin_password"
              }
            ]
          ],
          "private": "eyJlMmJmYjczMC1lY2FhLTExZTYtOGY4OC0zNDM2M2JjN2M0YzAiOnsiY3JlYXRlIjoyNzAwMDAwMDAwMDAwLCJkZWxldGUiOjI3MDAwMDAwMDAwMDAsInJlYWQiOjMwMDAwMDAwMDAwMCwidXBkYXRlIjoyNzAwMDAwMDAwMDAwfX0=",
          "dependencies": [
            "azurerm_network_interface.net_interface",
            "azurerm_public_ip.mypublicip",
            "azurerm_resource_group.myresourcegroup",
            "azurerm_subnet.subnet1",
            "azurerm_virtual_network.mynetwork"
          ]
        }
      ]
    },
    {
      "mode": "managed",
      "type": "azurerm_network_interface",
      "name": "net_interface",
      "provider": "provider[\"registry.terraform.io/hashicorp/azurerm\"]",
      "instances": [
        {
          "schema_version": 0,
          "attributes": {
            "applied_dns_servers": [],
            "dns_servers": [],
            "edge_zone": "",
            "enable_accelerated_networking": false,
            "enable_ip_forwarding": false,
            "id": "/subscriptions/1a94ec80-d9c4-4975-b25c-bbe982638e25/resourceGroups/terraform/providers/Microsoft.Network/networkInterfaces/net-int",
            "internal_dns_name_label": "",
            "internal_domain_name_suffix": "vh3bhjrzi5lujpo3xjrbttnpjd.bx.internal.cloudapp.net",
            "ip_configuration": [
              {
                "gateway_load_balancer_frontend_ip_configuration_id": "",
                "name": "internal1",
                "primary": true,
                "private_ip_address": "10.0.2.4",
                "private_ip_address_allocation": "Dynamic",
                "private_ip_address_version": "IPv4",
                "public_ip_address_id": "/subscriptions/1a94ec80-d9c4-4975-b25c-bbe982638e25/resourceGroups/terraform/providers/Microsoft.Network/publicIPAddresses/terra-ip",
                "subnet_id": "/subscriptions/1a94ec80-d9c4-4975-b25c-bbe982638e25/resourceGroups/terraform/providers/Microsoft.Network/virtualNetworks/terraform-network/subnets/internal-sub"
              }
            ],
            "location": "eastus",
            "mac_address": "",
            "name": "net-int",
            "private_ip_address": "10.0.2.4",
            "private_ip_addresses": [
              "10.0.2.4"
            ],
            "resource_group_name": "terraform",
            "tags": null,
            "timeouts": null,
            "virtual_machine_id": ""
          },
          "sensitive_attributes": [],
          "private": "eyJlMmJmYjczMC1lY2FhLTExZTYtOGY4OC0zNDM2M2JjN2M0YzAiOnsiY3JlYXRlIjoxODAwMDAwMDAwMDAwLCJkZWxldGUiOjE4MDAwMDAwMDAwMDAsInJlYWQiOjMwMDAwMDAwMDAwMCwidXBkYXRlIjoxODAwMDAwMDAwMDAwfX0=",
          "dependencies": [
            "azurerm_public_ip.mypublicip",
            "azurerm_resource_group.myresourcegroup",
            "azurerm_subnet.subnet1",
            "azurerm_virtual_network.mynetwork"
          ]
        }
      ]
    },
    {
      "mode": "managed",
      "type": "azurerm_public_ip",
      "name": "mypublicip",
      "provider": "provider[\"registry.terraform.io/hashicorp/azurerm\"]",
      "instances": [
        {
          "schema_version": 0,
          "attributes": {
            "allocation_method": "Dynamic",
            "domain_name_label": null,
            "edge_zone": "",
            "fqdn": null,
            "id": "/subscriptions/1a94ec80-d9c4-4975-b25c-bbe982638e25/resourceGroups/terraform/providers/Microsoft.Network/publicIPAddresses/terra-ip",
            "idle_timeout_in_minutes": 4,
            "ip_address": "",
            "ip_tags": null,
            "ip_version": "IPv4",
            "location": "eastus",
            "name": "terra-ip",
            "public_ip_prefix_id": null,
            "resource_group_name": "terraform",
            "reverse_fqdn": null,
            "sku": "Basic",
            "sku_tier": "Regional",
            "tags": null,
            "timeouts": null,
            "zones": null
          },
          "sensitive_attributes": [],
          "private": "eyJlMmJmYjczMC1lY2FhLTExZTYtOGY4OC0zNDM2M2JjN2M0YzAiOnsiY3JlYXRlIjoxODAwMDAwMDAwMDAwLCJkZWxldGUiOjE4MDAwMDAwMDAwMDAsInJlYWQiOjMwMDAwMDAwMDAwMCwidXBkYXRlIjoxODAwMDAwMDAwMDAwfX0=",
          "dependencies": [
            "azurerm_resource_group.myresourcegroup"
          ]
        }
      ]
    },
    {
      "mode": "managed",
      "type": "azurerm_resource_group",
      "name": "myresourcegroup",
      "provider": "provider[\"registry.terraform.io/hashicorp/azurerm\"]",
      "instances": [
        {
          "schema_version": 0,
          "attributes": {
            "id": "/subscriptions/1a94ec80-d9c4-4975-b25c-bbe982638e25/resourceGroups/terraform",
            "location": "eastus",
            "name": "terraform",
            "tags": null,
            "timeouts": null
          },
          "sensitive_attributes": [],
          "private": "eyJlMmJmYjczMC1lY2FhLTExZTYtOGY4OC0zNDM2M2JjN2M0YzAiOnsiY3JlYXRlIjo1NDAwMDAwMDAwMDAwLCJkZWxldGUiOjU0MDAwMDAwMDAwMDAsInJlYWQiOjMwMDAwMDAwMDAwMCwidXBkYXRlIjo1NDAwMDAwMDAwMDAwfX0="
        }
      ]
    },
    {
      "mode": "managed",
      "type": "azurerm_subnet",
      "name": "subnet1",
      "provider": "provider[\"registry.terraform.io/hashicorp/azurerm\"]",
      "instances": [
        {
          "schema_version": 0,
          "attributes": {
            "address_prefixes": [
              "10.0.2.0/24"
            ],
            "delegation": [],
            "enforce_private_link_endpoint_network_policies": false,
            "enforce_private_link_service_network_policies": false,
            "id": "/subscriptions/1a94ec80-d9c4-4975-b25c-bbe982638e25/resourceGroups/terraform/providers/Microsoft.Network/virtualNetworks/terraform-network/subnets/internal-sub",
            "name": "internal-sub",
            "resource_group_name": "terraform",
            "service_endpoint_policy_ids": null,
            "service_endpoints": null,
            "timeouts": null,
            "virtual_network_name": "terraform-network"
          },
          "sensitive_attributes": [],
          "private": "eyJlMmJmYjczMC1lY2FhLTExZTYtOGY4OC0zNDM2M2JjN2M0YzAiOnsiY3JlYXRlIjoxODAwMDAwMDAwMDAwLCJkZWxldGUiOjE4MDAwMDAwMDAwMDAsInJlYWQiOjMwMDAwMDAwMDAwMCwidXBkYXRlIjoxODAwMDAwMDAwMDAwfX0=",
          "dependencies": [
            "azurerm_resource_group.myresourcegroup",
            "azurerm_virtual_network.mynetwork"
          ]
        }
      ]
    },
    {
      "mode": "managed",
      "type": "azurerm_virtual_network",
      "name": "mynetwork",
      "provider": "provider[\"registry.terraform.io/hashicorp/azurerm\"]",
      "instances": [
        {
          "schema_version": 0,
          "attributes": {
            "address_space": [
              "10.0.0.0/16"
            ],
            "bgp_community": "",
            "ddos_protection_plan": [],
            "dns_servers": [],
            "edge_zone": "",
            "flow_timeout_in_minutes": 0,
            "guid": "a613faa9-4739-44d7-bddd-ba6219cdaf4b",
            "id": "/subscriptions/1a94ec80-d9c4-4975-b25c-bbe982638e25/resourceGroups/terraform/providers/Microsoft.Network/virtualNetworks/terraform-network",
            "location": "eastus",
            "name": "terraform-network",
            "resource_group_name": "terraform",
            "subnet": [],
            "tags": null,
            "timeouts": null
          },
          "sensitive_attributes": [],
          "private": "eyJlMmJmYjczMC1lY2FhLTExZTYtOGY4OC0zNDM2M2JjN2M0YzAiOnsiY3JlYXRlIjoxODAwMDAwMDAwMDAwLCJkZWxldGUiOjE4MDAwMDAwMDAwMDAsInJlYWQiOjMwMDAwMDAwMDAwMCwidXBkYXRlIjoxODAwMDAwMDAwMDAwfX0=",
          "dependencies": [
            "azurerm_resource_group.myresourcegroup"
          ]
        }
      ]
    }
  ],
  "check_results": null
}
